// !$*UTF8*$!
{
	archiveVersion = 1;
	classes = {
	};
	objectVersion = 50;
	objects = {

/* Begin PBXBuildFile section */
		0450DAD9212403A00090E9EA /* AppDelegate.swift in Sources */ = {isa = PBXBuildFile; fileRef = 0450DAD8212403A00090E9EA /* AppDelegate.swift */; };
		0450DADB212403A00090E9EA /* ViewController.swift in Sources */ = {isa = PBXBuildFile; fileRef = 0450DADA212403A00090E9EA /* ViewController.swift */; };
		0450DADE212403A00090E9EA /* Main.storyboard in Resources */ = {isa = PBXBuildFile; fileRef = 0450DADC212403A00090E9EA /* Main.storyboard */; };
		0450DAE1212403A00090E9EA /* DecoderEncoderLearning.xcdatamodeld in Sources */ = {isa = PBXBuildFile; fileRef = 0450DADF212403A00090E9EA /* DecoderEncoderLearning.xcdatamodeld */; };
		0450DAE3212403A20090E9EA /* Assets.xcassets in Resources */ = {isa = PBXBuildFile; fileRef = 0450DAE2212403A20090E9EA /* Assets.xcassets */; };
		0450DAE6212403A20090E9EA /* LaunchScreen.storyboard in Resources */ = {isa = PBXBuildFile; fileRef = 0450DAE4212403A20090E9EA /* LaunchScreen.storyboard */; };
/* End PBXBuildFile section */

/* Begin PBXFileReference section */
		0450DAD5212403A00090E9EA /* DecoderEncoderLearning.app */ = {isa = PBXFileReference; explicitFileType = wrapper.application; includeInIndex = 0; path = DecoderEncoderLearning.app; sourceTree = BUILT_PRODUCTS_DIR; };
		0450DAD8212403A00090E9EA /* AppDelegate.swift */ = {isa = PBXFileReference; lastKnownFileType = sourcecode.swift; path = AppDelegate.swift; sourceTree = "<group>"; };
		0450DADA212403A00090E9EA /* ViewController.swift */ = {isa = PBXFileReference; lastKnownFileType = sourcecode.swift; path = ViewController.swift; sourceTree = "<group>"; };
		0450DADD212403A00090E9EA /* Base */ = {isa = PBXFileReference; lastKnownFileType = file.storyboard; name = Base; path = Base.lproj/Main.storyboard; sourceTree = "<group>"; };
		0450DAE0212403A00090E9EA /* DecoderEncoderLearning.xcdatamodel */ = {isa = PBXFileReference; lastKnownFileType = wrapper.xcdatamodel; path = DecoderEncoderLearning.xcdatamodel; sourceTree = "<group>"; };
		0450DAE2212403A20090E9EA /* Assets.xcassets */ = {isa = PBXFileReference; lastKnownFileType = folder.assetcatalog; path = Assets.xcassets; sourceTree = "<group>"; };
		0450DAE5212403A20090E9EA /* Base */ = {isa = PBXFileReference; lastKnownFileType = file.storyboard; name = Base; path = Base.lproj/LaunchScreen.storyboard; sourceTree = "<group>"; };
		0450DAE7212403A20090E9EA /* Info.plist */ = {isa = PBXFileReference; lastKnownFileType = text.plist.xml; path = Info.plist; sourceTree = "<group>"; };
/* End PBXFileReference section */

/* Begin PBXFrameworksBuildPhase section */
		0450DAD2212403A00090E9EA /* Frameworks */ = {
			isa = PBXFrameworksBuildPhase;
			buildActionMask = 2147483647;
			files = (
			);
			runOnlyForDeploymentPostprocessing = 0;
		};
/* End PBXFrameworksBuildPhase section */

/* Begin PBXGroup section */
		0450DACC212403A00090E9EA = {
			isa = PBXGroup;
			children = (
				0450DAD7212403A00090E9EA /* DecoderEncoderLearning */,
				0450DAD6212403A00090E9EA /* Products */,
			);
			sourceTree = "<group>";
		};
		0450DAD6212403A00090E9EA /* Products */ = {
			isa = PBXGroup;
			children = (
				0450DAD5212403A00090E9EA /* DecoderEncoderLearning.app */,
			);
			name = Products;
			sourceTree = "<group>";
		};
		0450DAD7212403A00090E9EA /* DecoderEncoderLearning */ = {
			isa = PBXGroup;
			children = (
				0450DAD8212403A00090E9EA /* AppDelegate.swift */,
				0450DADA212403A00090E9EA /* ViewController.swift */,
				0450DADC212403A00090E9EA /* Main.storyboard */,
				0450DAE2212403A20090E9EA /* Assets.xcassets */,
				0450DAE4212403A20090E9EA /* LaunchScreen.storyboard */,
				0450DAE7212403A20090E9EA /* Info.plist */,
				0450DADF212403A00090E9EA /* DecoderEncoderLearning.xcdatamodeld */,
			);
			path = DecoderEncoderLearning;
			sourceTree = "<group>";
		};
/* End PBXGroup section */

/* Begin PBXNativeTarget section */
		0450DAD4212403A00090E9EA /* DecoderEncoderLearning */ = {
			isa = PBXNativeTarget;
			buildConfigurationList = 0450DAEA212403A20090E9EA /* Build configuration list for PBXNativeTarget "DecoderEncoderLearning" */;
			buildPhases = (
				0450DAD1212403A00090E9EA /* Sources */,
				0450DAD2212403A00090E9EA /* Frameworks */,
				0450DAD3212403A00090E9EA /* Resources */,
			);
			buildRules = (
			);
			dependencies = (
			);
			name = DecoderEncoderLearning;
			productName = DecoderEncoderLearning;
			productReference = 0450DAD5212403A00090E9EA /* DecoderEncoderLearning.app */;
			productType = "com.apple.product-type.application";
		};
/* End PBXNativeTarget section */

/* Begin PBXProject section */
		0450DACD212403A00090E9EA /* Project object */ = {
			isa = PBXProject;
			attributes = {
				LastSwiftUpdateCheck = 0940;
				LastUpgradeCheck = 0940;
				ORGANIZATIONNAME = AkshiOS;
				TargetAttributes = {
					0450DAD4212403A00090E9EA = {
						CreatedOnToolsVersion = 9.4.1;
					};
				};
			};
			buildConfigurationList = 0450DAD0212403A00090E9EA /* Build configuration list for PBXProject "DecoderEncoderLearning" */;
			compatibilityVersion = "Xcode 9.3";
			developmentRegion = en;
			hasScannedForEncodings = 0;
			knownRegions = (
				en,
				Base,
			);
			mainGroup = 0450DACC212403A00090E9EA;
			productRefGroup = 0450DAD6212403A00090E9EA /* Products */;
			projectDirPath = "";
			projectRoot = "";
			targets = (
				0450DAD4212403A00090E9EA /* DecoderEncoderLearning */,
			);
		};
/* End PBXProject section */

/* Begin PBXResourcesBuildPhase section */
		0450DAD3212403A00090E9EA /* Resources */ = {
			isa = PBXResourcesBuildPhase;
			buildActionMask = 2147483647;
			files = (
				0450DAE6212403A20090E9EA /* LaunchScreen.storyboard in Resources */,
				0450DAE3212403A20090E9EA /* Assets.xcassets in Resources */,
				0450DADE212403A00090E9EA /* Main.storyboard in Resources */,
			);
			runOnlyForDeploymentPostprocessing = 0;
		};
/* End PBXResourcesBuildPhase section */

/* Begin PBXSourcesBuildPhase section */
		0450DAD1212403A00090E9EA /* Sources */ = {
			isa = PBXSourcesBuildPhase;
			buildActionMask = 2147483647;
			files = (
				0450DADB212403A00090E9EA /* ViewController.swift in Sources */,
				0450DAE1212403A00090E9EA /* DecoderEncoderLearning.xcdatamodeld in Sources */,
				0450DAD9212403A00090E9EA /* AppDelegate.swift in Sources */,
			);
			runOnlyForDeploymentPostprocessing = 0;
		};
/* End PBXSourcesBuildPhase section */

/* Begin PBXVariantGroup section */
		0450DADC212403A00090E9EA /* Main.storyboard */ = {
			isa = PBXVariantGroup;
			children = (
				0450DADD212403A00090E9EA /* Base */,
			);
			name = Main.storyboard;
			sourceTree = "<group>";
		};
		0450DAE4212403A20090E9EA /* LaunchScreen.storyboard */ = {
			isa = PBXVariantGroup;
			children = (
				0450DAE5212403A20090E9EA /* Base */,
			);
			name = LaunchScreen.storyboard;
			sourceTree = "<group>";
		};
/* End PBXVariantGroup section */

/* Begin XCBuildConfiguration section */
		0450DAE8212403A20090E9EA /* Debug */ = {
			isa = XCBuildConfiguration;
			buildSettings = {
				ALWAYS_SEARCH_USER_PATHS = NO;
				CLANG_ANALYZER_NONNULL = YES;
				CLANG_ANALYZER_NUMBER_OBJECT_CONVERSION = YES_AGGRESSIVE;
				CLANG_CXX_LANGUAGE_STANDARD = "gnu++14";
				CLANG_CXX_LIBRARY = "libc++";
				CLANG_ENABLE_MODULES = YES;
				CLANG_ENABLE_OBJC_ARC = YES;
				CLANG_ENABLE_OBJC_WEAK = YES;
				CLANG_WARN_BLOCK_CAPTURE_AUTORELEASING = YES;
				CLANG_WARN_BOOL_CONVERSION = YES;
				CLANG_WARN_COMMA = YES;
				CLANG_WARN_CONSTANT_CONVERSION = YES;
				CLANG_WARN_DEPRECATED_OBJC_IMPLEMENTATIONS = YES;
				CLANG_WARN_DIRECT_OBJC_ISA_USAGE = YES_ERROR;
				CLANG_WARN_DOCUMENTATION_COMMENTS = YES;
				CLANG_WARN_EMPTY_BODY = YES;
				CLANG_WARN_ENUM_CONVERSION = YES;
				CLANG_WARN_INFINITE_RECURSION = YES;
				CLANG_WARN_INT_CONVERSION = YES;
				CLANG_WARN_NON_LITERAL_NULL_CONVERSION = YES;
				CLANG_WARN_OBJC_IMPLICIT_RETAIN_SELF = YES;
				CLANG_WARN_OBJC_LITERAL_CONVERSION = YES;
				CLANG_WARN_OBJC_ROOT_CLASS = YES_ERROR;
				CLANG_WARN_RANGE_LOOP_ANALYSIS = YES;
				CLANG_WARN_STRICT_PROTOTYPES = YES;
				CLANG_WARN_SUSPICIOUS_MOVE = YES;
				CLANG_WARN_UNGUARDED_AVAILABILITY = YES_AGGRESSIVE;
				CLANG_WARN_UNREACHABLE_CODE = YES;
				CLANG_WARN__DUPLICATE_METHOD_MATCH = YES;
				CODE_SIGN_IDENTITY = "iPhone Developer";
				COPY_PHASE_STRIP = NO;
				DEBUG_INFORMATION_FORMAT = dwarf;
				ENABLE_STRICT_OBJC_MSGSEND = YES;
				ENABLE_TESTABILITY = YES;
				GCC_C_LANGUAGE_STANDARD = gnu11;
				GCC_DYNAMIC_NO_PIC = NO;
				GCC_NO_COMMON_BLOCKS = YES;
				GCC_OPTIMIZATION_LEVEL = 0;
				GCC_PREPROCESSOR_DEFINITIONS = (
					"DEBUG=1",
					"$(inherited)",
				);
				GCC_WARN_64_TO_32_BIT_CONVERSION = YES;
				GCC_WARN_ABOUT_RETURN_TYPE = YES_ERROR;
				GCC_WARN_UNDECLARED_SELECTOR = YES;
				GCC_WARN_UNINITIALIZED_AUTOS = YES_AGGRESSIVE;
				GCC_WARN_UNUSED_FUNCTION = YES;
				GCC_WARN_UNUSED_VARIABLE = YES;
				IPHONEOS_DEPLOYMENT_TARGET = 11.4;
				MTL_ENABLE_DEBUG_INFO = YES;
				ONLY_ACTIVE_ARCH = YES;
				SDKROOT = iphoneos;
				SWIFT_ACTIVE_COMPILATION_CONDITIONS = DEBUG;
				SWIFT_OPTIMIZATION_LEVEL = "-Onone";
			};
			name = Debug;
		};
		0450DAE9212403A20090E9EA /* Release */ = {
			isa = XCBuildConfiguration;
			buildSettings = {
				ALWAYS_SEARCH_USER_PATHS = NO;
				CLANG_ANALYZER_NONNULL = YES;
				CLANG_ANALYZER_NUMBER_OBJECT_CONVERSION = YES_AGGRESSIVE;
				CLANG_CXX_LANGUAGE_STANDARD = "gnu++14";
				CLANG_CXX_LIBRARY = "libc++";
				CLANG_ENABLE_MODULES = YES;
				CLANG_ENABLE_OBJC_ARC = YES;
				CLANG_ENABLE_OBJC_WEAK = YES;
				CLANG_WARN_BLOCK_CAPTURE_AUTORELEASING = YES;
				CLANG_WARN_BOOL_CONVERSION = YES;
				CLANG_WARN_COMMA = YES;
				CLANG_WARN_CONSTANT_CONVERSION = YES;
				CLANG_WARN_DEPRECATED_OBJC_IMPLEMENTATIONS = YES;
				CLANG_WARN_DIRECT_OBJC_ISA_USAGE = YES_ERROR;
				CLANG_WARN_DOCUMENTATION_COMMENTS = YES;
				CLANG_WARN_EMPTY_BODY = YES;
				CLANG_WARN_ENUM_CONVERSION = YES;
				CLANG_WARN_INFINITE_RECURSION = YES;
				CLANG_WARN_INT_CONVERSION = YES;
				CLANG_WARN_NON_LITERAL_NULL_CONVERSION = YES;
				CLANG_WARN_OBJC_IMPLICIT_RETAIN_SELF = YES;
				CLANG_WARN_OBJC_LITERAL_CONVERSION = YES;
				CLANG_WARN_OBJC_ROOT_CLASS = YES_ERROR;
				CLANG_WARN_RANGE_LOOP_ANALYSIS = YES;
				CLANG_WARN_STRICT_PROTOTYPES = YES;
				CLANG_WARN_SUSPICIOUS_MOVE = YES;
				CLANG_WARN_UNGUARDED_AVAILABILITY = YES_AGGRESSIVE;
				CLANG_WARN_UNREACHABLE_CODE = YES;
				CLANG_WARN__DUPLICATE_METHOD_MATCH = YES;
				CODE_SIGN_IDENTITY = "iPhone Developer";
				COPY_PHASE_STRIP = NO;
				DEBUG_INFORMATION_FORMAT = "dwarf-with-dsym";
				ENABLE_NS_ASSERTIONS = NO;
				ENABLE_STRICT_OBJC_MSGSEND = YES;
				GCC_C_LANGUAGE_STANDARD = gnu11;
				GCC_NO_COMMON_BLOCKS = YES;
				GCC_WARN_64_TO_32_BIT_CONVERSION = YES;
				GCC_WARN_ABOUT_RETURN_TYPE = YES_ERROR;
				GCC_WARN_UNDECLARED_SELECTOR = YES;
				GCC_WARN_UNINITIALIZED_AUTOS = YES_AGGRESSIVE;
				GCC_WARN_UNUSED_FUNCTION = YES;
				GCC_WARN_UNUSED_VARIABLE = YES;
				IPHONEOS_DEPLOYMENT_TARGET = 11.4;
				MTL_ENABLE_DEBUG_INFO = NO;
				SDKROOT = iphoneos;
				SWIFT_COMPILATION_MODE = wholemodule;
				SWIFT_OPTIMIZATION_LEVEL = "-O";
				VALIDATE_PRODUCT = YES;
			};
			name = Release;
		};
		0450DAEB212403A20090E9EA /* Debug */ = {
			isa = XCBuildConfiguration;
			buildSettings = {
				ASSETCATALOG_COMPILER_APPICON_NAME = AppIcon;
				CODE_SIGN_STYLE = Automatic;
				DEVELOPMENT_TEAM = 9VF35EU847;
				INFOPLIST_FILE = DecoderEncoderLearning/Info.plist;
				LD_RUNPATH_SEARCH_PATHS = (
					"$(inherited)",
					"@executable_path/Frameworks",
				);
				PRODUCT_BUNDLE_IDENTIFIER = akshansh.inovations.DecoderEncoderLearning;
				PRODUCT_NAME = "$(TARGET_NAME)";
				SWIFT_VERSION = 4.0;
				TARGETED_DEVICE_FAMILY = "1,2";
			};
			name = Debug;
		};
		0450DAEC212403A20090E9EA /* Release */ = {
			isa = XCBuildConfiguration;
			buildSettings = {
				ASSETCATALOG_COMPILER_APPICON_NAME = AppIcon;
				CODE_SIGN_STYLE = Automatic;
				DEVELOPMENT_TEAM = 9VF35EU847;
				INFOPLIST_FILE = DecoderEncoderLearning/Info.plist;
				LD_RUNPATH_SEARCH_PATHS = (
					"$(inherited)",
					"@executable_path/Frameworks",
				);
				PRODUCT_BUNDLE_IDENTIFIER = akshansh.inovations.DecoderEncoderLearning;
				PRODUCT_NAME = "$(TARGET_NAME)";
				SWIFT_VERSION = 4.0;
				TARGETED_DEVICE_FAMILY = "1,2";
			};
			name = Release;
		};
/* End XCBuildConfiguration section */

/* Begin XCConfigurationList section */
		0450DAD0212403A00090E9EA /* Build configuration list for PBXProject "DecoderEncoderLearning" */ = {
			isa = XCConfigurationList;
			buildConfigurations = (
				0450DAE8212403A20090E9EA /* Debug */,
				0450DAE9212403A20090E9EA /* Release */,
			);
			defaultConfigurationIsVisible = 0;
			defaultConfigurationName = Release;
		};
		0450DAEA212403A20090E9EA /* Build configuration list for PBXNativeTarget "DecoderEncoderLearning" */ = {
			isa = XCConfigurationList;
			buildConfigurations = (
				0450DAEB212403A20090E9EA /* Debug */,
				0450DAEC212403A20090E9EA /* Release */,
			);
			defaultConfigurationIsVisible = 0;
			defaultConfigurationName = Release;
		};
/* End XCConfigurationList section */

/* Begin XCVersionGroup section */
		0450DADF212403A00090E9EA /* DecoderEncoderLearning.xcdatamodeld */ = {
			isa = XCVersionGroup;
			children = (
				0450DAE0212403A00090E9EA /* DecoderEncoderLearning.xcdatamodel */,
			);
			currentVersion = 0450DAE0212403A00090E9EA /* DecoderEncoderLearning.xcdatamodel */;
			path = DecoderEncoderLearning.xcdatamodeld;
			sourceTree = "<group>";
			versionGroupType = wrapper.xcdatamodel;
		};
/* End XCVersionGroup section */
	};
	rootObject = 0450DACD212403A00090E9EA /* Project object */;
}
